
Microsoft Visual Studio Solution File, Format Version 12.00
# Visual Studio Version 17
VisualStudioVersion = 17.10.34928.147
MinimumVisualStudioVersion = 10.0.40219.1
Project("{2150E333-8FDC-42A3-9474-1A3956D46DE8}") = "Services", "Services", "{A472AFE6-9B35-4310-B71E-A57ADE6A948B}"
EndProject
Project("{2150E333-8FDC-42A3-9474-1A3956D46DE8}") = "Catalog", "Catalog", "{6F99CA77-D50E-46DD-B82D-024F911CB50C}"
EndProject
Project("{9A19103F-16F7-4668-BE54-9A1E7A4F7556}") = "MultiShop.Catalog", "Services\Catalog\MultiShop.Catalog\MultiShop.Catalog.csproj", "{CD4EF7AA-6D89-403B-8D1B-EF1631E05212}"
EndProject
Project("{2150E333-8FDC-42A3-9474-1A3956D46DE8}") = "Discount", "Discount", "{CD945E86-B6EA-4464-BE77-FEED050C164A}"
EndProject
Project("{9A19103F-16F7-4668-BE54-9A1E7A4F7556}") = "MultiShop.Discount", "Services\Discount\MultiShop.Discount\MultiShop.Discount.csproj", "{7E685258-A07F-4A15-9C14-2CCCE363E59E}"
EndProject
Project("{2150E333-8FDC-42A3-9474-1A3956D46DE8}") = "Order", "Order", "{801AFA92-0882-4D99-BC36-C04B3CF55CD4}"
EndProject
Project("{2150E333-8FDC-42A3-9474-1A3956D46DE8}") = "Core", "Core", "{FB661CC2-A306-4024-9168-498C768AB855}"
EndProject
Project("{2150E333-8FDC-42A3-9474-1A3956D46DE8}") = "Infrastructure", "Infrastructure", "{6B6DCF26-89A2-4D1D-8AD3-E76458F27BEE}"
EndProject
Project("{2150E333-8FDC-42A3-9474-1A3956D46DE8}") = "Presentation", "Presentation", "{EA959C49-D919-40D9-872D-A2C19CEAFDE5}"
EndProject
Project("{FAE04EC0-301F-11D3-BF4B-00C04F79EFBC}") = "MultiShop.Order.Domain", "Services\Order\Core\MultiShop.Order.Domain\MultiShop.Order.Domain.csproj", "{D2D809B9-4CFA-47C6-B484-2EBC887DEB81}"
EndProject
Project("{FAE04EC0-301F-11D3-BF4B-00C04F79EFBC}") = "MultiShop.Order.Application", "Services\Order\Core\MultiShop.Order.Application\MultiShop.Order.Application.csproj", "{31473A24-60F1-4268-A14B-D70A3700C761}"
EndProject
Project("{FAE04EC0-301F-11D3-BF4B-00C04F79EFBC}") = "MultiShop.Order.Persistence", "Services\Order\Infrastructure\MultiShop.Order.Persistence\MultiShop.Order.Persistence.csproj", "{2920A39D-A7A4-49DD-9F3E-664CC8A8571F}"
EndProject
Project("{FAE04EC0-301F-11D3-BF4B-00C04F79EFBC}") = "MultiShop.Order.WepApi", "Services\Order\Presentation\MultiShop.Order.WepApi\MultiShop.Order.WepApi.csproj", "{42184AA1-2F6E-4BEC-B9AF-E86C535B219D}"
EndProject
Global
	GlobalSection(SolutionConfigurationPlatforms) = preSolution
		Debug|Any CPU = Debug|Any CPU
		Release|Any CPU = Release|Any CPU
	EndGlobalSection
	GlobalSection(ProjectConfigurationPlatforms) = postSolution
		{CD4EF7AA-6D89-403B-8D1B-EF1631E05212}.Debug|Any CPU.ActiveCfg = Debug|Any CPU
		{CD4EF7AA-6D89-403B-8D1B-EF1631E05212}.Debug|Any CPU.Build.0 = Debug|Any CPU
		{CD4EF7AA-6D89-403B-8D1B-EF1631E05212}.Release|Any CPU.ActiveCfg = Release|Any CPU
		{CD4EF7AA-6D89-403B-8D1B-EF1631E05212}.Release|Any CPU.Build.0 = Release|Any CPU
		{7E685258-A07F-4A15-9C14-2CCCE363E59E}.Debug|Any CPU.ActiveCfg = Debug|Any CPU
		{7E685258-A07F-4A15-9C14-2CCCE363E59E}.Debug|Any CPU.Build.0 = Debug|Any CPU
		{7E685258-A07F-4A15-9C14-2CCCE363E59E}.Release|Any CPU.ActiveCfg = Release|Any CPU
		{7E685258-A07F-4A15-9C14-2CCCE363E59E}.Release|Any CPU.Build.0 = Release|Any CPU
		{D2D809B9-4CFA-47C6-B484-2EBC887DEB81}.Debug|Any CPU.ActiveCfg = Debug|Any CPU
		{D2D809B9-4CFA-47C6-B484-2EBC887DEB81}.Debug|Any CPU.Build.0 = Debug|Any CPU
		{D2D809B9-4CFA-47C6-B484-2EBC887DEB81}.Release|Any CPU.ActiveCfg = Release|Any CPU
		{D2D809B9-4CFA-47C6-B484-2EBC887DEB81}.Release|Any CPU.Build.0 = Release|Any CPU
		{31473A24-60F1-4268-A14B-D70A3700C761}.Debug|Any CPU.ActiveCfg = Debug|Any CPU
		{31473A24-60F1-4268-A14B-D70A3700C761}.Debug|Any CPU.Build.0 = Debug|Any CPU
		{31473A24-60F1-4268-A14B-D70A3700C761}.Release|Any CPU.ActiveCfg = Release|Any CPU
		{31473A24-60F1-4268-A14B-D70A3700C761}.Release|Any CPU.Build.0 = Release|Any CPU
		{2920A39D-A7A4-49DD-9F3E-664CC8A8571F}.Debug|Any CPU.ActiveCfg = Debug|Any CPU
		{2920A39D-A7A4-49DD-9F3E-664CC8A8571F}.Debug|Any CPU.Build.0 = Debug|Any CPU
		{2920A39D-A7A4-49DD-9F3E-664CC8A8571F}.Release|Any CPU.ActiveCfg = Release|Any CPU
		{2920A39D-A7A4-49DD-9F3E-664CC8A8571F}.Release|Any CPU.Build.0 = Release|Any CPU
		{42184AA1-2F6E-4BEC-B9AF-E86C535B219D}.Debug|Any CPU.ActiveCfg = Debug|Any CPU
		{42184AA1-2F6E-4BEC-B9AF-E86C535B219D}.Debug|Any CPU.Build.0 = Debug|Any CPU
		{42184AA1-2F6E-4BEC-B9AF-E86C535B219D}.Release|Any CPU.ActiveCfg = Release|Any CPU
		{42184AA1-2F6E-4BEC-B9AF-E86C535B219D}.Release|Any CPU.Build.0 = Release|Any CPU
	EndGlobalSection
	GlobalSection(SolutionProperties) = preSolution
		HideSolutionNode = FALSE
	EndGlobalSection
	GlobalSection(NestedProjects) = preSolution
		{6F99CA77-D50E-46DD-B82D-024F911CB50C} = {A472AFE6-9B35-4310-B71E-A57ADE6A948B}
		{CD4EF7AA-6D89-403B-8D1B-EF1631E05212} = {6F99CA77-D50E-46DD-B82D-024F911CB50C}
		{CD945E86-B6EA-4464-BE77-FEED050C164A} = {A472AFE6-9B35-4310-B71E-A57ADE6A948B}
		{7E685258-A07F-4A15-9C14-2CCCE363E59E} = {CD945E86-B6EA-4464-BE77-FEED050C164A}
		{801AFA92-0882-4D99-BC36-C04B3CF55CD4} = {A472AFE6-9B35-4310-B71E-A57ADE6A948B}
		{FB661CC2-A306-4024-9168-498C768AB855} = {801AFA92-0882-4D99-BC36-C04B3CF55CD4}
		{6B6DCF26-89A2-4D1D-8AD3-E76458F27BEE} = {801AFA92-0882-4D99-BC36-C04B3CF55CD4}
		{EA959C49-D919-40D9-872D-A2C19CEAFDE5} = {801AFA92-0882-4D99-BC36-C04B3CF55CD4}
		{D2D809B9-4CFA-47C6-B484-2EBC887DEB81} = {FB661CC2-A306-4024-9168-498C768AB855}
		{31473A24-60F1-4268-A14B-D70A3700C761} = {FB661CC2-A306-4024-9168-498C768AB855}
		{2920A39D-A7A4-49DD-9F3E-664CC8A8571F} = {6B6DCF26-89A2-4D1D-8AD3-E76458F27BEE}
		{42184AA1-2F6E-4BEC-B9AF-E86C535B219D} = {EA959C49-D919-40D9-872D-A2C19CEAFDE5}
	EndGlobalSection
	GlobalSection(ExtensibilityGlobals) = postSolution
		SolutionGuid = {E1F0F4AE-CAAD-4600-AF28-A56E87B5357C}
	EndGlobalSection
EndGlobal
